Microsoft Visual Studio Solution File, Format Version 12.00
Project("{FAE04EC0-301F-11D3-BF4B-00C04F79EFBC}") = "TimeTracker", "TimeTracker\TimeTracker.csproj", "{30421A5B-1654-4D18-9632-E4289E48FE29}"
EndProject
Global
	GlobalSection(SolutionConfigurationPlatforms) = preSolution
		Debug|Any CPU = Debug|Any CPU
		Release|Any CPU = Release|Any CPU
	EndGlobalSection
	GlobalSection(ProjectConfigurationPlatforms) = postSolution
		{11564FDF-1FED-4D97-AE14-C3406CF3EFC3}.Debug|Any CPU.ActiveCfg = Debug|Any CPU
		{11564FDF-1FED-4D97-AE14-C3406CF3EFC3}.Debug|Any CPU.Build.0 = Debug|Any CPU
		{11564FDF-1FED-4D97-AE14-C3406CF3EFC3}.Release|Any CPU.ActiveCfg = Release|Any CPU
		{11564FDF-1FED-4D97-AE14-C3406CF3EFC3}.Release|Any CPU.Build.0 = Release|Any CPU
		{30421A5B-1654-4D18-9632-E4289E48FE29}.Debug|Any CPU.ActiveCfg = Debug|Any CPU
		{30421A5B-1654-4D18-9632-E4289E48FE29}.Debug|Any CPU.Build.0 = Debug|Any CPU
		{30421A5B-1654-4D18-9632-E4289E48FE29}.Release|Any CPU.ActiveCfg = Release|Any CPU
		{30421A5B-1654-4D18-9632-E4289E48FE29}.Release|Any CPU.Build.0 = Release|Any CPU
	EndGlobalSection
EndGlobal
